# This file is automatically @generated by Poetry 1.8.2 and should not be changed by hand.

[[package]]
name = "dnspython"
version = "2.7.0"
description = "DNS toolkit"
optional = false
python-versions = ">=3.9"
files = [
    {file = "dnspython-2.7.0-py3-none-any.whl", hash = "sha256:b4c34b7d10b51bcc3a5071e7b8dee77939f1e878477eeecc965e9835f63c6c86"},
    {file = "dnspython-2.7.0.tar.gz", hash = "sha256:ce9c432eda0dc91cf618a5cedf1a4e142651196bbcd2c80e89ed5a907e5cfaf1"},
]

[package.extras]
dev = ["black (>=23.1.0)", "coverage (>=7.0)", "flake8 (>=7)", "hypercorn (>=0.16.0)", "mypy (>=1.8)", "pylint (>=3)", "pytest (>=7.4)", "pytest-cov (>=4.1.0)", "quart-trio (>=0.11.0)", "sphinx (>=7.2.0)", "sphinx-rtd-theme (>=2.0.0)", "twine (>=4.0.0)", "wheel (>=0.42.0)"]
dnssec = ["cryptography (>=43)"]
doh = ["h2 (>=4.1.0)", "httpcore (>=1.0.0)", "httpx (>=0.26.0)"]
doq = ["aioquic (>=1.0.0)"]
idna = ["idna (>=3.7)"]
trio = ["trio (>=0.23)"]
wmi = ["wmi (>=1.5.1)"]

[[package]]
name = "dotenv"
version = "0.9.9"
description = "Deprecated package"
optional = false
python-versions = "*"
files = [
    {file = "dotenv-0.9.9-py2.py3-none-any.whl", hash = "sha256:29cf74a087b31dafdb5a446b6d7e11cbce8ed2741540e2339c69fbef92c94ce9"},
]

[package.dependencies]
python-dotenv = "*"

[[package]]
name = "pymongo"
version = "4.14.1"
description = "PyMongo - the Official MongoDB Python driver"
optional = false
python-versions = ">=3.9"
files = [
    {file = "pymongo-4.14.1-cp310-cp310-macosx_10_9_x86_64.whl", hash = "sha256:97f0da391fb32f989f0afcd1838faff5595456d24c56d196174eddbb7c3a494c"},
    {file = "pymongo-4.14.1-cp310-cp310-macosx_11_0_arm64.whl", hash = "sha256:ec160c4e1184da11d375a4315917f5a04180ea0ff522f0a97cf78acbb65810d8"},
    {file = "pymongo-4.14.1-cp310-cp310-manylinux_2_17_aarch64.manylinux2014_aarch64.whl", hash = "sha256:5c95ce2e0dcd9a556e1f51a4132db88c40e8e0a49c0b16d1dddba624f640895b"},
    {file = "pymongo-4.14.1-cp310-cp310-manylinux_2_17_ppc64le.manylinux2014_ppc64le.whl", hash = "sha256:f7b965614c16ac7d2cf297fbfb16a9ec81c0493bd5916f455a8e8020e432300b"},
    {file = "pymongo-4.14.1-cp310-cp310-manylinux_2_17_s390x.manylinux2014_s390x.whl", hash = "sha256:f81e8156a862ad8b44a065bd89978361a3054571e61b5e802ebdef91bb13ccad"},
    {file = "pymongo-4.14.1-cp310-cp310-manylinux_2_17_x86_64.manylinux2014_x86_64.whl", hash = "sha256:e0fe8e7bbb59cb0652df0efd285e80e6a92207f5ced4a0f7de56275fd9c21b77"},
    {file = "pymongo-4.14.1-cp310-cp310-manylinux_2_5_i686.manylinux1_i686.manylinux_2_17_i686.manylinux2014_i686.whl", hash = "sha256:c6d426e70a35d1dd5003a535ac8c0683998bea783949daa980d70272baa5cb05"},
    {file = "pymongo-4.14.1-cp310-cp310-win32.whl", hash = "sha256:8a4fe1b1603865e44c3dbce2b91ac2f18b1672208ff49203e8a480ab68a2d8f5"},
    {file = "pymongo-4.14.1-cp310-cp310-win_amd64.whl", hash = "sha256:27cb44c71e6f220b163e1d3c0dd18559e534d5d7cb7e16afa0cf1b7761403492"},
    {file = "pymongo-4.14.1-cp311-cp311-macosx_10_9_x86_64.whl", hash = "sha256:af4e667902314bcc05c90ea4ac0351bb759410ae0c5496ae47aef80659a12a44"},
    {file = "pymongo-4.14.1-cp311-cp311-macosx_11_0_arm64.whl", hash = "sha256:98c36403c97ec3a439a9ea5cdea730e34f0bf3c39eacfcab3fb07b34f5ef42a7"},
    {file = "pymongo-4.14.1-cp311-cp311-manylinux_2_17_aarch64.manylinux2014_aarch64.whl", hash = "sha256:95bfb5fe10a8aa11029868c403939945092fb8d160ca3a10d386778ed9623533"},
    {file = "pymongo-4.14.1-cp311-cp311-manylinux_2_17_ppc64le.manylinux2014_ppc64le.whl", hash = "sha256:44beff3470a6b1736f9e9cf7fb6477fdb2342b6f19a722cab3bbc989c5f3f693"},
    {file = "pymongo-4.14.1-cp311-cp311-manylinux_2_17_s390x.manylinux2014_s390x.whl", hash = "sha256:3176250b89ecc0db8120caf9945ded340eacebec7183f2093e58370041c2d5a8"},
    {file = "pymongo-4.14.1-cp311-cp311-manylinux_2_17_x86_64.manylinux2014_x86_64.whl", hash = "sha256:10a37312c841be2c2edd090b49861dab2e6117ff15cabf801f5910931105740e"},
    {file = "pymongo-4.14.1-cp311-cp311-manylinux_2_5_i686.manylinux1_i686.manylinux_2_17_i686.manylinux2014_i686.whl", hash = "sha256:573b1ed740dbb51be0819ede005012f4fa37df2c27c94d7d2e18288e16e1ef10"},
    {file = "pymongo-4.14.1-cp311-cp311-win32.whl", hash = "sha256:4812d168f9cd5f257805807a44637afcd0bb7fd22ac4738321bc6aa50ebd9d4f"},
    {file = "pymongo-4.14.1-cp311-cp311-win_amd64.whl", hash = "sha256:9485278fed0a8933c8ce8f97ab518158b82e884d4a7bc34e1d784b751c7b69f3"},
    {file = "pymongo-4.14.1-cp312-cp312-macosx_10_13_x86_64.whl", hash = "sha256:d2cafb545a77738f0506cd538be1b14e9f40ad0b62634d89e1845dee3c726ad5"},
    {file = "pymongo-4.14.1-cp312-cp312-macosx_11_0_arm64.whl", hash = "sha256:a76afb1375f6914fecfdc3bfe6fb7c8c36b682c4707b7fb8ded5c2e17a1c2d77"},
    {file = "pymongo-4.14.1-cp312-cp312-manylinux_2_17_aarch64.manylinux2014_aarch64.whl", hash = "sha256:1f5a4223c6acecb0ab25202a5b4ed6f2b6a41c30204ef44d3d46525e8ea455a9"},
    {file = "pymongo-4.14.1-cp312-cp312-manylinux_2_17_ppc64le.manylinux2014_ppc64le.whl", hash = "sha256:89c1f6804ae16101d5dd6cf0bd06b10e70e5e870aa98a198824c772ce3cb8ba3"},
    {file = "pymongo-4.14.1-cp312-cp312-manylinux_2_17_s390x.manylinux2014_s390x.whl", hash = "sha256:eaef22550ba1034e9b0ed309395ec72944348c277e27cc973cd5b07322b1d088"},
    {file = "pymongo-4.14.1-cp312-cp312-manylinux_2_17_x86_64.manylinux2014_x86_64.whl", hash = "sha256:71500e97dbbda5d3e5dc9354dca865246c7502eea9d041c1ce0ae2c3fa018fd2"},
    {file = "pymongo-4.14.1-cp312-cp312-manylinux_2_5_i686.manylinux1_i686.manylinux_2_17_i686.manylinux2014_i686.whl", hash = "sha256:6eeea7c92fd8ccd24ad156e2f9c2a117220f1ba0a41968b26d953dc6b8082b1d"},
    {file = "pymongo-4.14.1-cp312-cp312-win32.whl", hash = "sha256:78e9ec6345a14e2144a514f501e3bfe69ec8c8fefd0759757e4f47bf0b243522"},
    {file = "pymongo-4.14.1-cp312-cp312-win_amd64.whl", hash = "sha256:714589ce1df891e91f808b1e6e678990040997972d2c70454efebfefd1c8e299"},
    {file = "pymongo-4.14.1-cp313-cp313-macosx_10_13_x86_64.whl", hash = "sha256:cb147d0d77863ae89fa73cf8c0cc1a68d7dd7c5689cf0381501505307136b2bd"},
    {file = "pymongo-4.14.1-cp313-cp313-macosx_11_0_arm64.whl", hash = "sha256:e386721b57a50a5acd6e19c3c14cb975cbc0bf1a0364227d6cc15b486bb094cc"},
    {file = "pymongo-4.14.1-cp313-cp313-manylinux_2_17_aarch64.manylinux2014_aarch64.whl", hash = "sha256:49a2bf594ce1693f8a3cc4123ec3fa3a86215b395333b22be83c9eb765b24ecb"},
    {file = "pymongo-4.14.1-cp313-cp313-manylinux_2_17_ppc64le.manylinux2014_ppc64le.whl", hash = "sha256:ebb6679929e5bab898e9c5b46ee6fd025f6eb14380e9d4a210e122d79b223548"},
    {file = "pymongo-4.14.1-cp313-cp313-manylinux_2_17_s390x.manylinux2014_s390x.whl", hash = "sha256:fcbea95a877b2c7c4e4a18527c4eecbe91bdcb0b202f93d5713d50386138ffa3"},
    {file = "pymongo-4.14.1-cp313-cp313-manylinux_2_17_x86_64.manylinux2014_x86_64.whl", hash = "sha256:04e780ff2854278d24f7a2011aed45b3df89520c89ca29a7c1ccf9a9f0d513d0"},
    {file = "pymongo-4.14.1-cp313-cp313-manylinux_2_5_i686.manylinux1_i686.manylinux_2_17_i686.manylinux2014_i686.whl", hash = "sha256:147711a3b95d45dd11377a078e77fa302142b67656a8f57076693aa7fba124c1"},
    {file = "pymongo-4.14.1-cp313-cp313-win32.whl", hash = "sha256:6b945dda0359ba13171201fa2f1e32d4b5e73f57606b8c6dd560eeebf4a69d84"},
    {file = "pymongo-4.14.1-cp313-cp313-win_amd64.whl", hash = "sha256:9fba1dcad4260a9c96aa5bd576bf96edeea5682cd6da6b5777c644ef103f16f6"},
    {file = "pymongo-4.14.1-cp313-cp313t-macosx_10_13_x86_64.whl", hash = "sha256:184b0b6c3663bec2c13d7e2f0a99233c24b1bc7d8163b8b9a019a3ab159b1ade"},
    {file = "pymongo-4.14.1-cp313-cp313t-macosx_11_0_arm64.whl", hash = "sha256:e0a9bdb95e6fab64c8453dae84834dfd7a8b91cfbc7a3e288d9cdd161621a867"},
    {file = "pymongo-4.14.1-cp313-cp313t-manylinux_2_17_aarch64.manylinux2014_aarch64.whl", hash = "sha256:df5cc411dbe2b064945114598fdb3e36c3eeb38ed2559e459d5a7b2d91074a54"},
    {file = "pymongo-4.14.1-cp313-cp313t-manylinux_2_17_ppc64le.manylinux2014_ppc64le.whl", hash = "sha256:33a8b2c47db66f3bb33d62e3884fb531b77a58efd412b67b0539c685950c2382"},
    {file = "pymongo-4.14.1-cp313-cp313t-manylinux_2_17_s390x.manylinux2014_s390x.whl", hash = "sha256:5f08880ad8bd6bdd4bdb5c93c4a6946c5c4e429b648c3b665c435af02005e7db"},
    {file = "pymongo-4.14.1-cp313-cp313t-manylinux_2_17_x86_64.manylinux2014_x86_64.whl", hash = "sha256:92f8c2a3d0f17c432d68304d3abcab36a8a7ba78db93a143ac77eef6b70bc126"},
    {file = "pymongo-4.14.1-cp313-cp313t-manylinux_2_5_i686.manylinux1_i686.manylinux_2_17_i686.manylinux2014_i686.whl", hash = "sha256:019f8f9b8a61a5780450c5908c38f63e4248f286d804163d3728bc544f0b07b2"},
    {file = "pymongo-4.14.1-cp313-cp313t-win32.whl", hash = "sha256:414a999a5b9212635f51c8b23481626406b731abaea16659a39df00f538d06d8"},
    {file = "pymongo-4.14.1-cp313-cp313t-win_amd64.whl", hash = "sha256:9375cf27c04d2be7d02986262e0593ece1e78fa1934744bdd74c0c0b0cd2c2f2"},
    {file = "pymongo-4.14.1-cp39-cp39-macosx_10_9_x86_64.whl", hash = "sha256:d8945b11c4e39c13b47ec79dd0ee05126a6cf4753cf5fdceabf8cc51c02e21e6"},
    {file = "pymongo-4.14.1-cp39-cp39-macosx_11_0_arm64.whl", hash = "sha256:b7d6114f4a60b04205b4fce120567955402816ac75329b9282fc8a603ac615ef"},
    {file = "pymongo-4.14.1-cp39-cp39-manylinux_2_17_aarch64.manylinux2014_aarch64.whl", hash = "sha256:6649018ae12a28b8d8399ddda5cb662ac364e338faf0a621e6b9e5ec643134df"},
    {file = "pymongo-4.14.1-cp39-cp39-manylinux_2_17_ppc64le.manylinux2014_ppc64le.whl", hash = "sha256:e0bd1a446b39216453f53d55143a82e8617730723f100de940f1611ee35e78d6"},
    {file = "pymongo-4.14.1-cp39-cp39-manylinux_2_17_s390x.manylinux2014_s390x.whl", hash = "sha256:e09e59bb15edf0d948de6fa2b6f1cbb25ee63e7beba6d45ef6e94609e759efaa"},
    {file = "pymongo-4.14.1-cp39-cp39-manylinux_2_17_x86_64.manylinux2014_x86_64.whl", hash = "sha256:1604d9f669b044d30ca1775ebe37ddbd1972eaa7ffd041dde9e026b0334c69bd"},
    {file = "pymongo-4.14.1-cp39-cp39-manylinux_2_5_i686.manylinux1_i686.manylinux_2_17_i686.manylinux2014_i686.whl", hash = "sha256:91f9a3d771ab86229244098125b1c22111aa3e3679534d626db8d05cd9c59ea4"},
    {file = "pymongo-4.14.1-cp39-cp39-manylinux_2_5_i686.manylinux1_i686.whl", hash = "sha256:4c93d1f5db2bf63b4958aef2a914520c7103187d68359b512a8d6d62f5d7a752"},
    {file = "pymongo-4.14.1-cp39-cp39-manylinux_2_5_x86_64.manylinux1_x86_64.whl", hash = "sha256:ed9c0e22f874419f07022a9133e8d62aa8b665ceb2d89218ee88450c2824185e"},
    {file = "pymongo-4.14.1-cp39-cp39-win32.whl", hash = "sha256:06e2e8996324823e19bccea4dfd7ed543513410bbc7be9860502b62822d62bd4"},
    {file = "pymongo-4.14.1-cp39-cp39-win_amd64.whl", hash = "sha256:0e679c8f62ec0e6ba64799ce55b22d76c80cd042f7d99fa2cfbb4d935ac61bea"},
    {file = "pymongo-4.14.1.tar.gz", hash = "sha256:d78f5b0b569f4320e2485599d89b088aa6d750aad17cc98fd81a323b544ed3d0"},
]

[package.dependencies]
dnspython = ">=1.16.0,<3.0.0"

[package.extras]
aws = ["pymongo-auth-aws (>=1.1.0,<2.0.0)"]
docs = ["furo (==2025.7.19)", "readthedocs-sphinx-search (>=0.3,<1.0)", "sphinx (>=5.3,<9)", "sphinx-autobuild (>=2020.9.1)", "sphinx-rtd-theme (>=2,<4)", "sphinxcontrib-shellcheck (>=1,<2)"]
encryption = ["certifi", "pymongo-auth-aws (>=1.1.0,<2.0.0)", "pymongocrypt (>=1.13.0,<2.0.0)"]
gssapi = ["pykerberos", "winkerberos (>=0.5.0)"]
ocsp = ["certifi", "cryptography (>=2.5)", "pyopenssl (>=17.2.0)", "requests (<3.0.0)", "service-identity (>=18.1.0)"]
snappy = ["python-snappy"]
test = ["pytest (>=8.2)", "pytest-asyncio (>=0.24.0)"]
zstd = ["zstandard"]

[[package]]
name = "python-dotenv"
version = "1.1.1"
description = "Read key-value pairs from a .env file and set them as environment variables"
optional = false
python-versions = ">=3.9"
files = [
    {file = "python_dotenv-1.1.1-py3-none-any.whl", hash = "sha256:31f23644fe2602f88ff55e1f5c79ba497e01224ee7737937930c448e4d0e24dc"},
    {file = "python_dotenv-1.1.1.tar.gz", hash = "sha256:a8a6399716257f45be6a007360200409fce5cda2661e3dec71d23dc15f6189ab"},
]

[package.extras]
cli = ["click (>=5.0)"]

[metadata]
lock-version = "2.0"
python-versions = ">=3.9,<4.0"
content-hash = "b6bba3a907d52c47eccaeae53fcdebd4879a41c134b87323ce4a2ec43219e7ef"
